// !$*UTF8*$!
{
	archiveVersion = 1;
	classes = {
	};
	objectVersion = 46;
	objects = {

/* Begin PBXBuildFile section */
		155589151DB0045C002A91A9 /* AppDelegate.swift in Sources */ = {isa = PBXBuildFile; fileRef = 155589141DB0045C002A91A9 /* AppDelegate.swift */; };
		155589171DB0045C002A91A9 /* ViewController.swift in Sources */ = {isa = PBXBuildFile; fileRef = 155589161DB0045C002A91A9 /* ViewController.swift */; };
		1555891A1DB0045C002A91A9 /* Main.storyboard in Resources */ = {isa = PBXBuildFile; fileRef = 155589181DB0045C002A91A9 /* Main.storyboard */; };
		1555891C1DB0045C002A91A9 /* Assets.xcassets in Resources */ = {isa = PBXBuildFile; fileRef = 1555891B1DB0045C002A91A9 /* Assets.xcassets */; };
		1555891F1DB0045C002A91A9 /* LaunchScreen.storyboard in Resources */ = {isa = PBXBuildFile; fileRef = 1555891D1DB0045C002A91A9 /* LaunchScreen.storyboard */; };
/* End PBXBuildFile section */

/* Begin PBXFileReference section */
		155589111DB0045C002A91A9 /* StretchySnacks.app */ = {isa = PBXFileReference; explicitFileType = wrapper.application; includeInIndex = 0; path = StretchySnacks.app; sourceTree = BUILT_PRODUCTS_DIR; };
		155589141DB0045C002A91A9 /* AppDelegate.swift */ = {isa = PBXFileReference; lastKnownFileType = sourcecode.swift; path = AppDelegate.swift; sourceTree = "<group>"; };
		155589161DB0045C002A91A9 /* ViewController.swift */ = {isa = PBXFileReference; lastKnownFileType = sourcecode.swift; path = ViewController.swift; sourceTree = "<group>"; };
		155589191DB0045C002A91A9 /* Base */ = {isa = PBXFileReference; lastKnownFileType = file.storyboard; name = Base; path = Base.lproj/Main.storyboard; sourceTree = "<group>"; };
		1555891B1DB0045C002A91A9 /* Assets.xcassets */ = {isa = PBXFileReference; lastKnownFileType = folder.assetcatalog; path = Assets.xcassets; sourceTree = "<group>"; };
		1555891E1DB0045C002A91A9 /* Base */ = {isa = PBXFileReference; lastKnownFileType = file.storyboard; name = Base; path = Base.lproj/LaunchScreen.storyboard; sourceTree = "<group>"; };
		155589201DB0045C002A91A9 /* Info.plist */ = {isa = PBXFileReference; lastKnownFileType = text.plist.xml; path = Info.plist; sourceTree = "<group>"; };
/* End PBXFileReference section */

/* Begin PBXFrameworksBuildPhase section */
		1555890E1DB0045C002A91A9 /* Frameworks */ = {
			isa = PBXFrameworksBuildPhase;
			buildActionMask = 2147483647;
			files = (
			);
			runOnlyForDeploymentPostprocessing = 0;
		};
/* End PBXFrameworksBuildPhase section */

/* Begin PBXGroup section */
		155589081DB0045C002A91A9 = {
			isa = PBXGroup;
			children = (
				155589131DB0045C002A91A9 /* StretchySnacks */,
				155589121DB0045C002A91A9 /* Products */,
			);
			sourceTree = "<group>";
		};
		155589121DB0045C002A91A9 /* Products */ = {
			isa = PBXGroup;
			children = (
				155589111DB0045C002A91A9 /* StretchySnacks.app */,
			);
			name = Products;
			sourceTree = "<group>";
		};
		155589131DB0045C002A91A9 /* StretchySnacks */ = {
			isa = PBXGroup;
			children = (
				155589141DB0045C002A91A9 /* AppDelegate.swift */,
				155589161DB0045C002A91A9 /* ViewController.swift */,
				155589181DB0045C002A91A9 /* Main.storyboard */,
				1555891B1DB0045C002A91A9 /* Assets.xcassets */,
				1555891D1DB0045C002A91A9 /* LaunchScreen.storyboard */,
				155589201DB0045C002A91A9 /* Info.plist */,
			);
			path = StretchySnacks;
			sourceTree = "<group>";
		};
/* End PBXGroup section */

/* Begin PBXNativeTarget section */
		155589101DB0045C002A91A9 /* StretchySnacks */ = {
			isa = PBXNativeTarget;
			buildConfigurationList = 155589231DB0045C002A91A9 /* Build configuration list for PBXNativeTarget "StretchySnacks" */;
			buildPhases = (
				1555890D1DB0045C002A91A9 /* Sources */,
				1555890E1DB0045C002A91A9 /* Frameworks */,
				1555890F1DB0045C002A91A9 /* Resources */,
			);
			buildRules = (
			);
			dependencies = (
			);
			name = StretchySnacks;
			productName = StretchySnacks;
			productReference = 155589111DB0045C002A91A9 /* StretchySnacks.app */;
			productType = "com.apple.product-type.application";
		};
/* End PBXNativeTarget section */

/* Begin PBXProject section */
		155589091DB0045C002A91A9 /* Project object */ = {
			isa = PBXProject;
			attributes = {
				LastSwiftUpdateCheck = 0800;
				LastUpgradeCheck = 0800;
				ORGANIZATIONNAME = "Philip Ha";
				TargetAttributes = {
					155589101DB0045C002A91A9 = {
						CreatedOnToolsVersion = 8.0;
						DevelopmentTeam = B9P6859THW;
						ProvisioningStyle = Automatic;
					};
				};
			};
			buildConfigurationList = 1555890C1DB0045C002A91A9 /* Build configuration list for PBXProject "StretchySnacks" */;
			compatibilityVersion = "Xcode 3.2";
			developmentRegion = English;
			hasScannedForEncodings = 0;
			knownRegions = (
				en,
				Base,
			);
			mainGroup = 155589081DB0045C002A91A9;
			productRefGroup = 155589121DB0045C002A91A9 /* Products */;
			projectDirPath = "";
			projectRoot = "";
			targets = (
				155589101DB0045C002A91A9 /* StretchySnacks */,
			);
		};
/* End PBXProject section */

/* Begin PBXResourcesBuildPhase section */
		1555890F1DB0045C002A91A9 /* Resources */ = {
			isa = PBXResourcesBuildPhase;
			buildActionMask = 2147483647;
			files = (
				1555891F1DB0045C002A91A9 /* LaunchScreen.storyboard in Resources */,
				1555891C1DB0045C002A91A9 /* Assets.xcassets in Resources */,
				1555891A1DB0045C002A91A9 /* Main.storyboard in Resources */,
			);
			runOnlyForDeploymentPostprocessing = 0;
		};
/* End PBXResourcesBuildPhase section */

/* Begin PBXSourcesBuildPhase section */
		1555890D1DB0045C002A91A9 /* Sources */ = {
			isa = PBXSourcesBuildPhase;
			buildActionMask = 2147483647;
			files = (
				155589171DB0045C002A91A9 /* ViewController.swift in Sources */,
				155589151DB0045C002A91A9 /* AppDelegate.swift in Sources */,
			);
			runOnlyForDeploymentPostprocessing = 0;
		};
/* End PBXSourcesBuildPhase section */

/* Begin PBXVariantGroup section */
		155589181DB0045C002A91A9 /* Main.storyboard */ = {
			isa = PBXVariantGroup;
			children = (
				155589191DB0045C002A91A9 /* Base */,
			);
			name = Main.storyboard;
			sourceTree = "<group>";
		};
		1555891D1DB0045C002A91A9 /* LaunchScreen.storyboard */ = {
			isa = PBXVariantGroup;
			children = (
				1555891E1DB0045C002A91A9 /* Base */,
			);
			name = LaunchScreen.storyboard;
			sourceTree = "<group>";
		};
/* End PBXVariantGroup section */

/* Begin XCBuildConfiguration section */
		155589211DB0045C002A91A9 /* Debug */ = {
			isa = XCBuildConfiguration;
			buildSettings = {
				ALWAYS_SEARCH_USER_PATHS = NO;
				CLANG_ANALYZER_NONNULL = YES;
				CLANG_CXX_LANGUAGE_STANDARD = "gnu++0x";
				CLANG_CXX_LIBRARY = "libc++";
				CLANG_ENABLE_MODULES = YES;
				CLANG_ENABLE_OBJC_ARC = YES;
				CLANG_WARN_BOOL_CONVERSION = YES;
				CLANG_WARN_CONSTANT_CONVERSION = YES;
				CLANG_WARN_DIRECT_OBJC_ISA_USAGE = YES_ERROR;
				CLANG_WARN_DOCUMENTATION_COMMENTS = YES;
				CLANG_WARN_EMPTY_BODY = YES;
				CLANG_WARN_ENUM_CONVERSION = YES;
				CLANG_WARN_INFINITE_RECURSION = YES;
				CLANG_WARN_INT_CONVERSION = YES;
				CLANG_WARN_OBJC_ROOT_CLASS = YES_ERROR;
				CLANG_WARN_SUSPICIOUS_MOVES = YES;
				CLANG_WARN_UNREACHABLE_CODE = YES;
				CLANG_WARN__DUPLICATE_METHOD_MATCH = YES;
				"CODE_SIGN_IDENTITY[sdk=iphoneos*]" = "iPhone Developer";
				COPY_PHASE_STRIP = NO;
				DEBUG_INFORMATION_FORMAT = dwarf;
				ENABLE_STRICT_OBJC_MSGSEND = YES;
				ENABLE_TESTABILITY = YES;
				GCC_C_LANGUAGE_STANDARD = gnu99;
				GCC_DYNAMIC_NO_PIC = NO;
				GCC_NO_COMMON_BLOCKS = YES;
				GCC_OPTIMIZATION_LEVEL = 0;
				GCC_PREPROCESSOR_DEFINITIONS = (
					"DEBUG=1",
					"$(inherited)",
				);
				GCC_WARN_64_TO_32_BIT_CONVERSION = YES;
				GCC_WARN_ABOUT_RETURN_TYPE = YES_ERROR;
				GCC_WARN_UNDECLARED_SELECTOR = YES;
				GCC_WARN_UNINITIALIZED_AUTOS = YES_AGGRESSIVE;
				GCC_WARN_UNUSED_FUNCTION = YES;
				GCC_WARN_UNUSED_VARIABLE = YES;
				IPHONEOS_DEPLOYMENT_TARGET = 10.0;
				MTL_ENABLE_DEBUG_INFO = YES;
				ONLY_ACTIVE_ARCH = YES;
				SDKROOT = iphoneos;
				SWIFT_ACTIVE_COMPILATION_CONDITIONS = DEBUG;
				SWIFT_OPTIMIZATION_LEVEL = "-Onone";
				TARGETED_DEVICE_FAMILY = "1,2";
			};
			name = Debug;
		};
		155589221DB0045C002A91A9 /* Release */ = {
			isa = XCBuildConfiguration;
			buildSettings = {
				ALWAYS_SEARCH_USER_PATHS = NO;
				CLANG_ANALYZER_NONNULL = YES;
				CLANG_CXX_LANGUAGE_STANDARD = "gnu++0x";
				CLANG_CXX_LIBRARY = "libc++";
				CLANG_ENABLE_MODULES = YES;
				CLANG_ENABLE_OBJC_ARC = YES;
				CLANG_WARN_BOOL_CONVERSION = YES;
				CLANG_WARN_CONSTANT_CONVERSION = YES;
				CLANG_WARN_DIRECT_OBJC_ISA_USAGE = YES_ERROR;
				CLANG_WARN_DOCUMENTATION_COMMENTS = YES;
				CLANG_WARN_EMPTY_BODY = YES;
				CLANG_WARN_ENUM_CONVERSION = YES;
				CLANG_WARN_INFINITE_RECURSION = YES;
				CLANG_WARN_INT_CONVERSION = YES;
				CLANG_WARN_OBJC_ROOT_CLASS = YES_ERROR;
				CLANG_WARN_SUSPICIOUS_MOVES = YES;
				CLANG_WARN_UNREACHABLE_CODE = YES;
				CLANG_WARN__DUPLICATE_METHOD_MATCH = YES;
				"CODE_SIGN_IDENTITY[sdk=iphoneos*]" = "iPhone Developer";
				COPY_PHASE_STRIP = NO;
				DEBUG_INFORMATION_FORMAT = "dwarf-with-dsym";
				ENABLE_NS_ASSERTIONS = NO;
				ENABLE_STRICT_OBJC_MSGSEND = YES;
				GCC_C_LANGUAGE_STANDARD = gnu99;
				GCC_NO_COMMON_BLOCKS = YES;
				GCC_WARN_64_TO_32_BIT_CONVERSION = YES;
				GCC_WARN_ABOUT_RETURN_TYPE = YES_ERROR;
				GCC_WARN_UNDECLARED_SELECTOR = YES;
				GCC_WARN_UNINITIALIZED_AUTOS = YES_AGGRESSIVE;
				GCC_WARN_UNUSED_FUNCTION = YES;
				GCC_WARN_UNUSED_VARIABLE = YES;
				IPHONEOS_DEPLOYMENT_TARGET = 10.0;
				MTL_ENABLE_DEBUG_INFO = NO;
				SDKROOT = iphoneos;
				SWIFT_OPTIMIZATION_LEVEL = "-Owholemodule";
				TARGETED_DEVICE_FAMILY = "1,2";
				VALIDATE_PRODUCT = YES;
			};
			name = Release;
		};
		155589241DB0045C002A91A9 /* Debug */ = {
			isa = XCBuildConfiguration;
			buildSettings = {
				ASSETCATALOG_COMPILER_APPICON_NAME = AppIcon;
				DEVELOPMENT_TEAM = B9P6859THW;
				INFOPLIST_FILE = StretchySnacks/Info.plist;
				LD_RUNPATH_SEARCH_PATHS = "$(inherited) @executable_path/Frameworks";
				PRODUCT_BUNDLE_IDENTIFIER = com.Philip.StretchySnacks;
				PRODUCT_NAME = "$(TARGET_NAME)";
				SWIFT_VERSION = 3.0;
			};
			name = Debug;
		};
		155589251DB0045C002A91A9 /* Release */ = {
			isa = XCBuildConfiguration;
			buildSettings = {
				ASSETCATALOG_COMPILER_APPICON_NAME = AppIcon;
				DEVELOPMENT_TEAM = B9P6859THW;
				INFOPLIST_FILE = StretchySnacks/Info.plist;
				LD_RUNPATH_SEARCH_PATHS = "$(inherited) @executable_path/Frameworks";
				PRODUCT_BUNDLE_IDENTIFIER = com.Philip.StretchySnacks;
				PRODUCT_NAME = "$(TARGET_NAME)";
				SWIFT_VERSION = 3.0;
			};
			name = Release;
		};
/* End XCBuildConfiguration section */

/* Begin XCConfigurationList section */
		1555890C1DB0045C002A91A9 /* Build configuration list for PBXProject "StretchySnacks" */ = {
			isa = XCConfigurationList;
			buildConfigurations = (
				155589211DB0045C002A91A9 /* Debug */,
				155589221DB0045C002A91A9 /* Release */,
			);
			defaultConfigurationIsVisible = 0;
			defaultConfigurationName = Release;
		};
		155589231DB0045C002A91A9 /* Build configuration list for PBXNativeTarget "StretchySnacks" */ = {
			isa = XCConfigurationList;
			buildConfigurations = (
				155589241DB0045C002A91A9 /* Debug */,
				155589251DB0045C002A91A9 /* Release */,
			);
			defaultConfigurationIsVisible = 0;
		};
/* End XCConfigurationList section */
	};
	rootObject = 155589091DB0045C002A91A9 /* Project object */;
}
